
Microsoft Visual Studio Solution File, Format Version 12.00
# Visual Studio Version 17
VisualStudioVersion = 17.8.34330.188
MinimumVisualStudioVersion = 10.0.40219.1
Project("{2150E333-8FDC-42A3-9474-1A3956D46DE8}") = "Services", "Services", "{86BF4E62-89A7-481D-A31C-4FF879B2F75D}"
EndProject
Project("{2150E333-8FDC-42A3-9474-1A3956D46DE8}") = "Çözüm Öğeleri", "Çözüm Öğeleri", "{957C414B-8F82-46C0-9826-FCFF9AC29BA0}"
	ProjectSection(SolutionItems) = preProject
		ServicesUrls.txt = ServicesUrls.txt
	EndProjectSection
EndProject
Project("{2150E333-8FDC-42A3-9474-1A3956D46DE8}") = "src", "src", "{5C9B1E00-5A8D-4BFA-B7AF-9BF93A95BFFB}"
EndProject
Project("{2150E333-8FDC-42A3-9474-1A3956D46DE8}") = "BuildingBlocks", "BuildingBlocks", "{C122439C-9AA3-4333-8692-F46200A6AE2D}"
EndProject
Project("{9A19103F-16F7-4668-BE54-9A1E7A4F7556}") = "UserService.Api", "src\Services\UserService\UserService.Api\UserService.Api.csproj", "{4FAC7365-2D59-4E1C-8134-0A17E6DFCEFF}"
EndProject
Project("{2150E333-8FDC-42A3-9474-1A3956D46DE8}") = "UserService", "UserService", "{C9164E1C-D494-48C0-BE44-860BB7F309FA}"
EndProject
Project("{2150E333-8FDC-42A3-9474-1A3956D46DE8}") = "InternService", "InternService", "{01C8E318-E7D0-4F5F-8105-862FD6E87BA3}"
EndProject
Project("{2150E333-8FDC-42A3-9474-1A3956D46DE8}") = "FileService", "FileService", "{064CB4D3-06CF-4A22-B876-BAAD1FB8EAE9}"
EndProject
Project("{2150E333-8FDC-42A3-9474-1A3956D46DE8}") = "ImageService", "ImageService", "{03E994FB-A21F-4A23-B9ED-D5FF0355EBF7}"
EndProject
Project("{2150E333-8FDC-42A3-9474-1A3956D46DE8}") = "NotificationService", "NotificationService", "{D495F58C-86B9-44B0-A8F1-63ACBDFADC6E}"
EndProject
Project("{9A19103F-16F7-4668-BE54-9A1E7A4F7556}") = "FileService.Api", "src\Services\FileService\FileService\FileService.Api.csproj", "{14ABDBCF-A937-4CB9-BFCD-64FF73502B64}"
EndProject
Project("{9A19103F-16F7-4668-BE54-9A1E7A4F7556}") = "ImageService.Api", "src\Services\ImageService\ImageService.API\ImageService.Api.csproj", "{EB6014CF-BD4E-4262-B937-EB823B80051B}"
EndProject
Project("{9A19103F-16F7-4668-BE54-9A1E7A4F7556}") = "InternService.Api", "src\Services\InternService\InternService.Api\InternService.Api.csproj", "{7CE332F8-80D8-4668-B285-0742E13E7530}"
EndProject
Project("{9A19103F-16F7-4668-BE54-9A1E7A4F7556}") = "NotificationService", "src\Services\NotificationService\NotificationService\NotificationService.csproj", "{E2D788A2-014B-4138-BA2E-EDB91AD03921}"
EndProject
Project("{9A19103F-16F7-4668-BE54-9A1E7A4F7556}") = "APIGateway", "src\APIGateway\APIGateway.csproj", "{9A77EABF-057A-4AE2-A872-C8DBF3745FC3}"
EndProject
Project("{9A19103F-16F7-4668-BE54-9A1E7A4F7556}") = "StajYonetimGUI", "src\StajYonetimGUI\StajYonetimGUI.csproj", "{09B53139-D0A5-4FC1-80C0-610C9AA24080}"
EndProject
Project("{2150E333-8FDC-42A3-9474-1A3956D46DE8}") = "SurveyService", "SurveyService", "{366F5044-D23D-4F3E-BA79-854D7D8A48F5}"
EndProject
Project("{9A19103F-16F7-4668-BE54-9A1E7A4F7556}") = "SurveyService.Api", "src\Services\SurveyService\SurveyService.Api\SurveyService.Api.csproj", "{34887F23-40A9-49A6-A6DC-E819E58D18A5}"
EndProject
Global
	GlobalSection(SolutionConfigurationPlatforms) = preSolution
		Debug|Any CPU = Debug|Any CPU
		Release|Any CPU = Release|Any CPU
	EndGlobalSection
	GlobalSection(ProjectConfigurationPlatforms) = postSolution
		{4FAC7365-2D59-4E1C-8134-0A17E6DFCEFF}.Debug|Any CPU.ActiveCfg = Debug|Any CPU
		{4FAC7365-2D59-4E1C-8134-0A17E6DFCEFF}.Debug|Any CPU.Build.0 = Debug|Any CPU
		{4FAC7365-2D59-4E1C-8134-0A17E6DFCEFF}.Release|Any CPU.ActiveCfg = Release|Any CPU
		{4FAC7365-2D59-4E1C-8134-0A17E6DFCEFF}.Release|Any CPU.Build.0 = Release|Any CPU
		{14ABDBCF-A937-4CB9-BFCD-64FF73502B64}.Debug|Any CPU.ActiveCfg = Debug|Any CPU
		{14ABDBCF-A937-4CB9-BFCD-64FF73502B64}.Debug|Any CPU.Build.0 = Debug|Any CPU
		{14ABDBCF-A937-4CB9-BFCD-64FF73502B64}.Release|Any CPU.ActiveCfg = Release|Any CPU
		{14ABDBCF-A937-4CB9-BFCD-64FF73502B64}.Release|Any CPU.Build.0 = Release|Any CPU
		{EB6014CF-BD4E-4262-B937-EB823B80051B}.Debug|Any CPU.ActiveCfg = Debug|Any CPU
		{EB6014CF-BD4E-4262-B937-EB823B80051B}.Debug|Any CPU.Build.0 = Debug|Any CPU
		{EB6014CF-BD4E-4262-B937-EB823B80051B}.Release|Any CPU.ActiveCfg = Release|Any CPU
		{EB6014CF-BD4E-4262-B937-EB823B80051B}.Release|Any CPU.Build.0 = Release|Any CPU
		{7CE332F8-80D8-4668-B285-0742E13E7530}.Debug|Any CPU.ActiveCfg = Debug|Any CPU
		{7CE332F8-80D8-4668-B285-0742E13E7530}.Debug|Any CPU.Build.0 = Debug|Any CPU
		{7CE332F8-80D8-4668-B285-0742E13E7530}.Release|Any CPU.ActiveCfg = Release|Any CPU
		{7CE332F8-80D8-4668-B285-0742E13E7530}.Release|Any CPU.Build.0 = Release|Any CPU
		{E2D788A2-014B-4138-BA2E-EDB91AD03921}.Debug|Any CPU.ActiveCfg = Debug|Any CPU
		{E2D788A2-014B-4138-BA2E-EDB91AD03921}.Debug|Any CPU.Build.0 = Debug|Any CPU
		{E2D788A2-014B-4138-BA2E-EDB91AD03921}.Release|Any CPU.ActiveCfg = Release|Any CPU
		{E2D788A2-014B-4138-BA2E-EDB91AD03921}.Release|Any CPU.Build.0 = Release|Any CPU
		{9A77EABF-057A-4AE2-A872-C8DBF3745FC3}.Debug|Any CPU.ActiveCfg = Debug|Any CPU
		{9A77EABF-057A-4AE2-A872-C8DBF3745FC3}.Debug|Any CPU.Build.0 = Debug|Any CPU
		{9A77EABF-057A-4AE2-A872-C8DBF3745FC3}.Release|Any CPU.ActiveCfg = Release|Any CPU
		{9A77EABF-057A-4AE2-A872-C8DBF3745FC3}.Release|Any CPU.Build.0 = Release|Any CPU
		{09B53139-D0A5-4FC1-80C0-610C9AA24080}.Debug|Any CPU.ActiveCfg = Debug|Any CPU
		{09B53139-D0A5-4FC1-80C0-610C9AA24080}.Debug|Any CPU.Build.0 = Debug|Any CPU
		{09B53139-D0A5-4FC1-80C0-610C9AA24080}.Release|Any CPU.ActiveCfg = Release|Any CPU
		{09B53139-D0A5-4FC1-80C0-610C9AA24080}.Release|Any CPU.Build.0 = Release|Any CPU
		{34887F23-40A9-49A6-A6DC-E819E58D18A5}.Debug|Any CPU.ActiveCfg = Debug|Any CPU
		{34887F23-40A9-49A6-A6DC-E819E58D18A5}.Debug|Any CPU.Build.0 = Debug|Any CPU
		{34887F23-40A9-49A6-A6DC-E819E58D18A5}.Release|Any CPU.ActiveCfg = Release|Any CPU
		{34887F23-40A9-49A6-A6DC-E819E58D18A5}.Release|Any CPU.Build.0 = Release|Any CPU
	EndGlobalSection
	GlobalSection(SolutionProperties) = preSolution
		HideSolutionNode = FALSE
	EndGlobalSection
	GlobalSection(NestedProjects) = preSolution
		{86BF4E62-89A7-481D-A31C-4FF879B2F75D} = {5C9B1E00-5A8D-4BFA-B7AF-9BF93A95BFFB}
		{C122439C-9AA3-4333-8692-F46200A6AE2D} = {5C9B1E00-5A8D-4BFA-B7AF-9BF93A95BFFB}
		{4FAC7365-2D59-4E1C-8134-0A17E6DFCEFF} = {C9164E1C-D494-48C0-BE44-860BB7F309FA}
		{C9164E1C-D494-48C0-BE44-860BB7F309FA} = {86BF4E62-89A7-481D-A31C-4FF879B2F75D}
		{01C8E318-E7D0-4F5F-8105-862FD6E87BA3} = {86BF4E62-89A7-481D-A31C-4FF879B2F75D}
		{064CB4D3-06CF-4A22-B876-BAAD1FB8EAE9} = {86BF4E62-89A7-481D-A31C-4FF879B2F75D}
		{03E994FB-A21F-4A23-B9ED-D5FF0355EBF7} = {86BF4E62-89A7-481D-A31C-4FF879B2F75D}
		{D495F58C-86B9-44B0-A8F1-63ACBDFADC6E} = {86BF4E62-89A7-481D-A31C-4FF879B2F75D}
		{14ABDBCF-A937-4CB9-BFCD-64FF73502B64} = {064CB4D3-06CF-4A22-B876-BAAD1FB8EAE9}
		{EB6014CF-BD4E-4262-B937-EB823B80051B} = {03E994FB-A21F-4A23-B9ED-D5FF0355EBF7}
		{7CE332F8-80D8-4668-B285-0742E13E7530} = {01C8E318-E7D0-4F5F-8105-862FD6E87BA3}
		{E2D788A2-014B-4138-BA2E-EDB91AD03921} = {D495F58C-86B9-44B0-A8F1-63ACBDFADC6E}
		{9A77EABF-057A-4AE2-A872-C8DBF3745FC3} = {5C9B1E00-5A8D-4BFA-B7AF-9BF93A95BFFB}
		{09B53139-D0A5-4FC1-80C0-610C9AA24080} = {5C9B1E00-5A8D-4BFA-B7AF-9BF93A95BFFB}
		{366F5044-D23D-4F3E-BA79-854D7D8A48F5} = {86BF4E62-89A7-481D-A31C-4FF879B2F75D}
		{34887F23-40A9-49A6-A6DC-E819E58D18A5} = {366F5044-D23D-4F3E-BA79-854D7D8A48F5}
	EndGlobalSection
	GlobalSection(ExtensibilityGlobals) = postSolution
		SolutionGuid = {9C8E4828-B0C8-4AD4-8D21-6A3010085D5B}
	EndGlobalSection
EndGlobal
